
Microsoft Visual Studio Solution File, Format Version 12.00
Project("{FAE04EC0-301F-11D3-BF4B-00C04F79EFBC}") = "Trigger", "Trigger\Trigger.csproj", "{D6B8D7A8-51F7-47AF-815B-112B69796EF4}"
EndProject
Project("{FAE04EC0-301F-11D3-BF4B-00C04F79EFBC}") = "Contracts", "Contracts\Contracts.csproj", "{EC19B871-A8BF-4E9C-89E1-031BD5C9CA95}"
EndProject
Project("{FAE04EC0-301F-11D3-BF4B-00C04F79EFBC}") = "Secrets", "Secrets\Secrets.csproj", "{51A68E63-17DC-4092-83BB-077C69A95F16}"
EndProject
Project("{FAE04EC0-301F-11D3-BF4B-00C04F79EFBC}") = "Processor", "Processor\Processor.csproj", "{9896A009-E9F6-4EE0-9D71-39F7A28684D7}"
EndProject
Global
	GlobalSection(SolutionConfigurationPlatforms) = preSolution
		Debug|Any CPU = Debug|Any CPU
		Release|Any CPU = Release|Any CPU
	EndGlobalSection
	GlobalSection(ProjectConfigurationPlatforms) = postSolution
		{D6B8D7A8-51F7-47AF-815B-112B69796EF4}.Debug|Any CPU.ActiveCfg = Debug|Any CPU
		{D6B8D7A8-51F7-47AF-815B-112B69796EF4}.Debug|Any CPU.Build.0 = Debug|Any CPU
		{D6B8D7A8-51F7-47AF-815B-112B69796EF4}.Release|Any CPU.ActiveCfg = Release|Any CPU
		{D6B8D7A8-51F7-47AF-815B-112B69796EF4}.Release|Any CPU.Build.0 = Release|Any CPU
		{EC19B871-A8BF-4E9C-89E1-031BD5C9CA95}.Debug|Any CPU.ActiveCfg = Debug|Any CPU
		{EC19B871-A8BF-4E9C-89E1-031BD5C9CA95}.Debug|Any CPU.Build.0 = Debug|Any CPU
		{EC19B871-A8BF-4E9C-89E1-031BD5C9CA95}.Release|Any CPU.ActiveCfg = Release|Any CPU
		{EC19B871-A8BF-4E9C-89E1-031BD5C9CA95}.Release|Any CPU.Build.0 = Release|Any CPU
		{51A68E63-17DC-4092-83BB-077C69A95F16}.Debug|Any CPU.ActiveCfg = Debug|Any CPU
		{51A68E63-17DC-4092-83BB-077C69A95F16}.Debug|Any CPU.Build.0 = Debug|Any CPU
		{51A68E63-17DC-4092-83BB-077C69A95F16}.Release|Any CPU.ActiveCfg = Release|Any CPU
		{51A68E63-17DC-4092-83BB-077C69A95F16}.Release|Any CPU.Build.0 = Release|Any CPU
		{9896A009-E9F6-4EE0-9D71-39F7A28684D7}.Debug|Any CPU.ActiveCfg = Debug|Any CPU
		{9896A009-E9F6-4EE0-9D71-39F7A28684D7}.Debug|Any CPU.Build.0 = Debug|Any CPU
		{9896A009-E9F6-4EE0-9D71-39F7A28684D7}.Release|Any CPU.ActiveCfg = Release|Any CPU
		{9896A009-E9F6-4EE0-9D71-39F7A28684D7}.Release|Any CPU.Build.0 = Release|Any CPU
	EndGlobalSection
EndGlobal
